<?xml version="1.0" encoding="utf-8"?>
<Project ToolsVersion="4.0" xmlns="http://schemas.microsoft.com/developer/msbuild/2003">
  <ItemGroup>
    <Filter Include="Source Files">
      <UniqueIdentifier>{4FC737F1-C7A5-4376-A066-2A32D752A2FF}</UniqueIdentifier>
      <Extensions>cpp;c;cc;cxx;def;odl;idl;hpj;bat;asm;asmx</Extensions>
    </Filter>
    <Filter Include="Header Files">
      <UniqueIdentifier>{93995380-89BD-4b04-88EB-625FBE52EBFB}</UniqueIdentifier>
      <Extensions>h;hpp;hxx;hm;inl;inc;xsd</Extensions>
    </Filter>
    <Filter Include="Resource Files">
      <UniqueIdentifier>{67DA6AB6-F800-4c08-8B7A-83BB121AAD01}</UniqueIdentifier>
      <Extensions>rc;ico;cur;bmp;dlg;rc2;rct;bin;rgs;gif;jpg;jpeg;jpe;resx;tiff;tif;png;wav</Extensions>
    </Filter>
    <Filter Include="SDK">
      <UniqueIdentifier>{f937d24e-feaf-4f69-b11c-5ed723d3deac}</UniqueIdentifier>
    </Filter>
    <Filter Include="UI">
      <UniqueIdentifier>{c7fee20e-972e-4a6e-86bc-afa3c335a4e3}</UniqueIdentifier>
    </Filter>
    <Filter Include="Preferences">
      <UniqueIdentifier>{192adf1f-a08a-442f-8297-5668d47894be}</UniqueIdentifier>
    </Filter>
    <Filter Include="Embedded">
      <UniqueIdentifier>{4add9f9f-38f7-4b38-8033-4435451cfeb5}</UniqueIdentifier>
    </Filter>
  </ItemGroup>
  <ItemGroup>
    <ClCompile Include="foo_acfu.cpp">
      <Filter>Source Files</Filter>
    </ClCompile>
    <ClCompile Include="stdafx.cpp">
      <Filter>Source Files</Filter>
    </ClCompile>
    <ClCompile Include="scheduler.cpp">
      <Filter>Source Files</Filter>
    </ClCompile>
    <ClCompile Include="updates.cpp">
      <Filter>Source Files</Filter>
    </ClCompile>
    <ClCompile Include="status_wnd.cpp">
      <Filter>UI</Filter>
    </ClCompile>
    <ClCompile Include="status_dui.cpp">
      <Filter>UI</Filter>
    </ClCompile>
    <ClCompile Include="preferences_dlg.cpp">
      <Filter>Preferences</Filter>
    </ClCompile>
    <ClCompile Include="preferences_page.cpp">
      <Filter>Preferences</Filter>
    </ClCompile>
    <ClCompile Include="status_cui.cpp">
      <Filter>UI</Filter>
    </ClCompile>
    <ClCompile Include="..\foobar2000\ATLHelpers\misc.cpp">
      <Filter>Source Files</Filter>
    </ClCompile>
    <ClCompile Include="embedded\embedded.cpp">
      <Filter>Embedded</Filter>
    </ClCompile>
    <ClCompile Include="embedded\foo_jscript_panel.cpp">
      <Filter>Embedded</Filter>
    </ClCompile>
    <ClCompile Include="embedded\foo_ui_columns.cpp">
      <Filter>Embedded</Filter>
    </ClCompile>
    <ClCompile Include="embedded\sources_dlg.cpp">
      <Filter>Embedded</Filter>
    </ClCompile>
    <ClCompile Include="embedded\foo_scrobble.cpp">
      <Filter>Embedded</Filter>
    </ClCompile>
    <ClCompile Include="embedded\fb2k_core.cpp">
      <Filter>Embedded</Filter>
    </ClCompile>
    <ClCompile Include="embedded\fb2k_components.cpp">
      <Filter>Embedded</Filter>
    </ClCompile>
  </ItemGroup>
  <ItemGroup>
    <ClInclude Include="stdafx.h">
      <Filter>Header Files</Filter>
    </ClInclude>
    <ClInclude Include="resource.h">
      <Filter>Header Files</Filter>
    </ClInclude>
    <ClInclude Include="scheduler.h">
      <Filter>Header Files</Filter>
    </ClInclude>
    <ClInclude Include="version.h">
      <Filter>Header Files</Filter>
    </ClInclude>
    <ClInclude Include="..\acfu-sdk\acfu.h">
      <Filter>SDK</Filter>
    </ClInclude>
    <ClInclude Include="..\acfu-sdk\utils\common.h">
      <Filter>SDK</Filter>
    </ClInclude>
    <ClInclude Include="..\acfu-sdk\utils\github.h">
      <Filter>SDK</Filter>
    </ClInclude>
    <ClInclude Include="..\acfu-sdk\utils\check.h">
      <Filter>SDK</Filter>
    </ClInclude>
    <ClInclude Include="updates.h">
      <Filter>Header Files</Filter>
    </ClInclude>
    <ClInclude Include="status_wnd.h">
      <Filter>UI</Filter>
    </ClInclude>
    <ClInclude Include="preferences_page.h">
      <Filter>Preferences</Filter>
    </ClInclude>
    <ClInclude Include="preferences_dlg.h">
      <Filter>Preferences</Filter>
    </ClInclude>
    <ClInclude Include="list_column_auto_size.h">
      <Filter>Preferences</Filter>
    </ClInclude>
    <ClInclude Include="split_button.h">
      <Filter>Preferences</Filter>
    </ClInclude>
    <ClInclude Include="..\foobar2000\ATLHelpers\misc.h">
      <Filter>Header Files</Filter>
    </ClInclude>
    <ClInclude Include="urls.h">
      <Filter>Header Files</Filter>
    </ClInclude>
    <ClInclude Include="..\acfu-sdk\utils\plain.h">
      <Filter>SDK</Filter>
    </ClInclude>
    <ClInclude Include="utils.h">
      <Filter>Header Files</Filter>
    </ClInclude>
    <ClInclude Include="embedded\embedded.h">
      <Filter>Embedded</Filter>
    </ClInclude>
    <ClInclude Include="embedded\sources_dlg.h">
      <Filter>Embedded</Filter>
    </ClInclude>
  </ItemGroup>
  <ItemGroup>
    <ResourceCompile Include="foo_acfu.rc">
      <Filter>Resource Files</Filter>
    </ResourceCompile>
  </ItemGroup>
  <ItemGroup>
    <None Include="foo_acfu.rc2">
      <Filter>Resource Files</Filter>
    </None>
  </ItemGroup>
</Project>